
Microsoft Visual Studio Solution File, Format Version 12.00
# Visual Studio Version 17
VisualStudioVersion = 17.1.32328.378
MinimumVisualStudioVersion = 10.0.40219.1
Project("{FAE04EC0-301F-11D3-BF4B-00C04F79EFBC}") = "MiniHR", "MiniHR.csproj", "{01C43F1A-6115-4525-AB63-84E5D4ADBCE9}"
EndProject
Global
	GlobalSection(SolutionConfigurationPlatforms) = preSolution
		Debug|Any CPU = Debug|Any CPU
		Release|Any CPU = Release|Any CPU
	EndGlobalSection
	GlobalSection(ProjectConfigurationPlatforms) = postSolution
		{01C43F1A-6115-4525-AB63-84E5D4ADBCE9}.Debug|Any CPU.ActiveCfg = Debug|Any CPU
		{01C43F1A-6115-4525-AB63-84E5D4ADBCE9}.Debug|Any CPU.Build.0 = Debug|Any CPU
		{01C43F1A-6115-4525-AB63-84E5D4ADBCE9}.Release|Any CPU.ActiveCfg = Release|Any CPU
		{01C43F1A-6115-4525-AB63-84E5D4ADBCE9}.Release|Any CPU.Build.0 = Release|Any CPU
	EndGlobalSection
	GlobalSection(SolutionProperties) = preSolution
		HideSolutionNode = FALSE
	EndGlobalSection
	GlobalSection(ExtensibilityGlobals) = postSolution
		SolutionGuid = {52A483AE-789F-47A5-91EA-243A3B156D9A}
	EndGlobalSection
EndGlobal
